// !$*UTF8*$!
{
	archiveVersion = 1;
	classes = {
	};
	objectVersion = 46;
	objects = {

/* Begin PBXBuildFile section */
		36890409C0CA99E8B2BEFF02 /* Pods_MorScout.framework in Frameworks */ = {isa = PBXBuildFile; fileRef = E39867EE2A9D3471E21EFCD2 /* Pods_MorScout.framework */; };
		8E3357C11C4C8C9400F2B879 /* AppDelegate.swift in Sources */ = {isa = PBXBuildFile; fileRef = 8E3357A21C4C8C9400F2B879 /* AppDelegate.swift */; };
		8E3357C21C4C8C9400F2B879 /* Assets.xcassets in Resources */ = {isa = PBXBuildFile; fileRef = 8E3357A31C4C8C9400F2B879 /* Assets.xcassets */; };
		8E3357C31C4C8C9400F2B879 /* LaunchScreen.storyboard in Resources */ = {isa = PBXBuildFile; fileRef = 8E3357A41C4C8C9400F2B879 /* LaunchScreen.storyboard */; };
		8E3357C41C4C8C9400F2B879 /* Main.storyboard in Resources */ = {isa = PBXBuildFile; fileRef = 8E3357A61C4C8C9400F2B879 /* Main.storyboard */; };
		8E3357C51C4C8C9400F2B879 /* Exo2-ExtraLight.ttf in Resources */ = {isa = PBXBuildFile; fileRef = 8E3357A91C4C8C9400F2B879 /* Exo2-ExtraLight.ttf */; };
		8E3357C61C4C8C9400F2B879 /* Exo2-Light.ttf in Resources */ = {isa = PBXBuildFile; fileRef = 8E3357AA1C4C8C9400F2B879 /* Exo2-Light.ttf */; };
		8E3357C71C4C8C9400F2B879 /* Exo2-Regular.ttf in Resources */ = {isa = PBXBuildFile; fileRef = 8E3357AB1C4C8C9400F2B879 /* Exo2-Regular.ttf */; };
		8E3357C81C4C8C9400F2B879 /* Exo2-SemiBold.ttf in Resources */ = {isa = PBXBuildFile; fileRef = 8E3357AC1C4C8C9400F2B879 /* Exo2-SemiBold.ttf */; };
		8E3357C91C4C8C9400F2B879 /* Exo2-Thin.ttf in Resources */ = {isa = PBXBuildFile; fileRef = 8E3357AD1C4C8C9400F2B879 /* Exo2-Thin.ttf */; };
		8E3357CA1C4C8C9400F2B879 /* Info.plist in Resources */ = {isa = PBXBuildFile; fileRef = 8E3357AE1C4C8C9400F2B879 /* Info.plist */; };
		8E3357CB1C4C8C9400F2B879 /* TitilliumWeb-ExtraLight.ttf in Resources */ = {isa = PBXBuildFile; fileRef = 8E3357AF1C4C8C9400F2B879 /* TitilliumWeb-ExtraLight.ttf */; };
		8E3357CC1C4C8C9400F2B879 /* TitilliumWeb-Light.ttf in Resources */ = {isa = PBXBuildFile; fileRef = 8E3357B01C4C8C9400F2B879 /* TitilliumWeb-Light.ttf */; };
		8E3357CD1C4C8C9400F2B879 /* TitilliumWeb-Regular.ttf in Resources */ = {isa = PBXBuildFile; fileRef = 8E3357B11C4C8C9400F2B879 /* TitilliumWeb-Regular.ttf */; };
		8E3357CE1C4C8C9400F2B879 /* TitilliumWeb-SemiBold.ttf in Resources */ = {isa = PBXBuildFile; fileRef = 8E3357B21C4C8C9400F2B879 /* TitilliumWeb-SemiBold.ttf */; };
		8E3357CF1C4C8C9400F2B879 /* SwiftyJSON.swift in Sources */ = {isa = PBXBuildFile; fileRef = 8E3357B41C4C8C9400F2B879 /* SwiftyJSON.swift */; };
		8E3357D01C4C8C9400F2B879 /* SWRevealViewController.m in Sources */ = {isa = PBXBuildFile; fileRef = 8E3357B81C4C8C9400F2B879 /* SWRevealViewController.m */; };
		8E3357D11C4C8C9400F2B879 /* Util.swift in Sources */ = {isa = PBXBuildFile; fileRef = 8E3357B91C4C8C9400F2B879 /* Util.swift */; };
		8E3357D21C4C8C9400F2B879 /* HomeVC.swift in Sources */ = {isa = PBXBuildFile; fileRef = 8E3357BB1C4C8C9400F2B879 /* HomeVC.swift */; };
		8E3357D31C4C8C9400F2B879 /* LoginVC.swift in Sources */ = {isa = PBXBuildFile; fileRef = 8E3357BC1C4C8C9400F2B879 /* LoginVC.swift */; };
		8E3357D41C4C8C9400F2B879 /* MatchesVC.swift in Sources */ = {isa = PBXBuildFile; fileRef = 8E3357BD1C4C8C9400F2B879 /* MatchesVC.swift */; };
		8E3357D51C4C8C9400F2B879 /* MenuVC.swift in Sources */ = {isa = PBXBuildFile; fileRef = 8E3357BE1C4C8C9400F2B879 /* MenuVC.swift */; };
		8E3357D61C4C8C9400F2B879 /* SettingsVC.swift in Sources */ = {isa = PBXBuildFile; fileRef = 8E3357BF1C4C8C9400F2B879 /* SettingsVC.swift */; };
		8E3357D71C4C8C9400F2B879 /* TeamsVC.swift in Sources */ = {isa = PBXBuildFile; fileRef = 8E3357C01C4C8C9400F2B879 /* TeamsVC.swift */; };
		8E3357E01C50545500F2B879 /* MatchCell.swift in Sources */ = {isa = PBXBuildFile; fileRef = 8E3357DF1C50545500F2B879 /* MatchCell.swift */; };
		8E3357E21C508F2A00F2B879 /* Match.swift in Sources */ = {isa = PBXBuildFile; fileRef = 8E3357E11C508F2A00F2B879 /* Match.swift */; };
		8E3357E41C5090F400F2B879 /* Team.swift in Sources */ = {isa = PBXBuildFile; fileRef = 8E3357E31C5090F400F2B879 /* Team.swift */; };
		8E9335F71C86BF590045140E /* DataPoint.swift in Sources */ = {isa = PBXBuildFile; fileRef = 8E9335F61C86BF590045140E /* DataPoint.swift */; };
		8E9335F91C86BF730045140E /* Label.swift in Sources */ = {isa = PBXBuildFile; fileRef = 8E9335F81C86BF730045140E /* Label.swift */; };
		8E9335FB1C86BFD80045140E /* TextBox.swift in Sources */ = {isa = PBXBuildFile; fileRef = 8E9335FA1C86BFD80045140E /* TextBox.swift */; };
		8E9335FD1C86C0830045140E /* Dropdown.swift in Sources */ = {isa = PBXBuildFile; fileRef = 8E9335FC1C86C0830045140E /* Dropdown.swift */; };
		8E9335FF1C86C18A0045140E /* NumberBox.swift in Sources */ = {isa = PBXBuildFile; fileRef = 8E9335FE1C86C18A0045140E /* NumberBox.swift */; };
		8E9336011C86C2380045140E /* Checkbox.swift in Sources */ = {isa = PBXBuildFile; fileRef = 8E9336001C86C2380045140E /* Checkbox.swift */; };
		8E9336031C87E4370045140E /* ViewPoint.swift in Sources */ = {isa = PBXBuildFile; fileRef = 8E9336021C87E4370045140E /* ViewPoint.swift */; };
		8E9336051C896CE50045140E /* TeamVC.swift in Sources */ = {isa = PBXBuildFile; fileRef = 8E9336041C896CE50045140E /* TeamVC.swift */; };
		8E9336071C8AAB170045140E /* TitleViewPoint.swift in Sources */ = {isa = PBXBuildFile; fileRef = 8E9336061C8AAB170045140E /* TitleViewPoint.swift */; };
		8E9336091C8AAB250045140E /* DataViewPoint.swift in Sources */ = {isa = PBXBuildFile; fileRef = 8E9336081C8AAB250045140E /* DataViewPoint.swift */; };
		8E93360B1C8BC6350045140E /* MatchDataStorage.swift in Sources */ = {isa = PBXBuildFile; fileRef = 8E93360A1C8BC6350045140E /* MatchDataStorage.swift */; };
		8E93360D1C8BC8DD0045140E /* Report.swift in Sources */ = {isa = PBXBuildFile; fileRef = 8E93360C1C8BC8DD0045140E /* Report.swift */; };
		8EBC63091C712C00000DBE6A /* TeamCell.swift in Sources */ = {isa = PBXBuildFile; fileRef = 8EBC63081C712C00000DBE6A /* TeamCell.swift */; };
		8EBC630B1C77F88F000DBE6A /* MatchVC.swift in Sources */ = {isa = PBXBuildFile; fileRef = 8EBC630A1C77F88F000DBE6A /* MatchVC.swift */; };
		8EC4CFC51C68639E00D3AB22 /* Regional.swift in Sources */ = {isa = PBXBuildFile; fileRef = 8EC4CFC41C68639E00D3AB22 /* Regional.swift */; };
		8EE543821C8548FD009048F1 /* DropdownTextField.swift in Sources */ = {isa = PBXBuildFile; fileRef = 8EE543811C8548FD009048F1 /* DropdownTextField.swift */; };
		8EE543841C854D08009048F1 /* DropdownPicker.swift in Sources */ = {isa = PBXBuildFile; fileRef = 8EE543831C854D08009048F1 /* DropdownPicker.swift */; };
		8EE543861C85606F009048F1 /* DoneButton.swift in Sources */ = {isa = PBXBuildFile; fileRef = 8EE543851C85606F009048F1 /* DoneButton.swift */; };
		8EE543881C857135009048F1 /* NumberStepper.swift in Sources */ = {isa = PBXBuildFile; fileRef = 8EE543871C857135009048F1 /* NumberStepper.swift */; };
		8EE5438A1C86A62D009048F1 /* Reachability.swift in Sources */ = {isa = PBXBuildFile; fileRef = 8EE543891C86A62D009048F1 /* Reachability.swift */; };
		8EFFA5A31C8E6BD20020A1AE /* ProfileVC.swift in Sources */ = {isa = PBXBuildFile; fileRef = 8EFFA5A21C8E6BD20020A1AE /* ProfileVC.swift */; };
/* End PBXBuildFile section */

/* Begin PBXFileReference section */
		8E3357A21C4C8C9400F2B879 /* AppDelegate.swift */ = {isa = PBXFileReference; fileEncoding = 4; lastKnownFileType = sourcecode.swift; path = AppDelegate.swift; sourceTree = "<group>"; };
		8E3357A31C4C8C9400F2B879 /* Assets.xcassets */ = {isa = PBXFileReference; lastKnownFileType = folder.assetcatalog; path = Assets.xcassets; sourceTree = "<group>"; };
		8E3357A51C4C8C9400F2B879 /* Base */ = {isa = PBXFileReference; lastKnownFileType = file.storyboard; name = Base; path = Base.lproj/LaunchScreen.storyboard; sourceTree = "<group>"; };
		8E3357A71C4C8C9400F2B879 /* Base */ = {isa = PBXFileReference; lastKnownFileType = file.storyboard; name = Base; path = Base.lproj/Main.storyboard; sourceTree = "<group>"; };
		8E3357A91C4C8C9400F2B879 /* Exo2-ExtraLight.ttf */ = {isa = PBXFileReference; lastKnownFileType = file; path = "Exo2-ExtraLight.ttf"; sourceTree = "<group>"; };
		8E3357AA1C4C8C9400F2B879 /* Exo2-Light.ttf */ = {isa = PBXFileReference; lastKnownFileType = file; path = "Exo2-Light.ttf"; sourceTree = "<group>"; };
		8E3357AB1C4C8C9400F2B879 /* Exo2-Regular.ttf */ = {isa = PBXFileReference; lastKnownFileType = file; path = "Exo2-Regular.ttf"; sourceTree = "<group>"; };
		8E3357AC1C4C8C9400F2B879 /* Exo2-SemiBold.ttf */ = {isa = PBXFileReference; lastKnownFileType = file; path = "Exo2-SemiBold.ttf"; sourceTree = "<group>"; };
		8E3357AD1C4C8C9400F2B879 /* Exo2-Thin.ttf */ = {isa = PBXFileReference; lastKnownFileType = file; path = "Exo2-Thin.ttf"; sourceTree = "<group>"; };
		8E3357AE1C4C8C9400F2B879 /* Info.plist */ = {isa = PBXFileReference; fileEncoding = 4; lastKnownFileType = text.plist.xml; path = Info.plist; sourceTree = "<group>"; };
		8E3357AF1C4C8C9400F2B879 /* TitilliumWeb-ExtraLight.ttf */ = {isa = PBXFileReference; lastKnownFileType = file; path = "TitilliumWeb-ExtraLight.ttf"; sourceTree = "<group>"; };
		8E3357B01C4C8C9400F2B879 /* TitilliumWeb-Light.ttf */ = {isa = PBXFileReference; lastKnownFileType = file; path = "TitilliumWeb-Light.ttf"; sourceTree = "<group>"; };
		8E3357B11C4C8C9400F2B879 /* TitilliumWeb-Regular.ttf */ = {isa = PBXFileReference; lastKnownFileType = file; path = "TitilliumWeb-Regular.ttf"; sourceTree = "<group>"; };
		8E3357B21C4C8C9400F2B879 /* TitilliumWeb-SemiBold.ttf */ = {isa = PBXFileReference; lastKnownFileType = file; path = "TitilliumWeb-SemiBold.ttf"; sourceTree = "<group>"; };
		8E3357B41C4C8C9400F2B879 /* SwiftyJSON.swift */ = {isa = PBXFileReference; fileEncoding = 4; lastKnownFileType = sourcecode.swift; path = SwiftyJSON.swift; sourceTree = "<group>"; };
		8E3357B61C4C8C9400F2B879 /* MorScout-Bridging-Header.h */ = {isa = PBXFileReference; fileEncoding = 4; lastKnownFileType = sourcecode.c.h; path = "MorScout-Bridging-Header.h"; sourceTree = "<group>"; };
		8E3357B71C4C8C9400F2B879 /* SWRevealViewController.h */ = {isa = PBXFileReference; fileEncoding = 4; lastKnownFileType = sourcecode.c.h; path = SWRevealViewController.h; sourceTree = "<group>"; };
		8E3357B81C4C8C9400F2B879 /* SWRevealViewController.m */ = {isa = PBXFileReference; fileEncoding = 4; lastKnownFileType = sourcecode.c.objc; path = SWRevealViewController.m; sourceTree = "<group>"; };
		8E3357B91C4C8C9400F2B879 /* Util.swift */ = {isa = PBXFileReference; fileEncoding = 4; lastKnownFileType = sourcecode.swift; path = Util.swift; sourceTree = "<group>"; };
		8E3357BB1C4C8C9400F2B879 /* HomeVC.swift */ = {isa = PBXFileReference; fileEncoding = 4; lastKnownFileType = sourcecode.swift; path = HomeVC.swift; sourceTree = "<group>"; };
		8E3357BC1C4C8C9400F2B879 /* LoginVC.swift */ = {isa = PBXFileReference; fileEncoding = 4; lastKnownFileType = sourcecode.swift; path = LoginVC.swift; sourceTree = "<group>"; };
		8E3357BD1C4C8C9400F2B879 /* MatchesVC.swift */ = {isa = PBXFileReference; fileEncoding = 4; lastKnownFileType = sourcecode.swift; path = MatchesVC.swift; sourceTree = "<group>"; };
		8E3357BE1C4C8C9400F2B879 /* MenuVC.swift */ = {isa = PBXFileReference; fileEncoding = 4; lastKnownFileType = sourcecode.swift; path = MenuVC.swift; sourceTree = "<group>"; };
		8E3357BF1C4C8C9400F2B879 /* SettingsVC.swift */ = {isa = PBXFileReference; fileEncoding = 4; lastKnownFileType = sourcecode.swift; path = SettingsVC.swift; sourceTree = "<group>"; };
		8E3357C01C4C8C9400F2B879 /* TeamsVC.swift */ = {isa = PBXFileReference; fileEncoding = 4; lastKnownFileType = sourcecode.swift; path = TeamsVC.swift; sourceTree = "<group>"; };
		8E3357DF1C50545500F2B879 /* MatchCell.swift */ = {isa = PBXFileReference; fileEncoding = 4; lastKnownFileType = sourcecode.swift; path = MatchCell.swift; sourceTree = "<group>"; };
		8E3357E11C508F2A00F2B879 /* Match.swift */ = {isa = PBXFileReference; fileEncoding = 4; lastKnownFileType = sourcecode.swift; path = Match.swift; sourceTree = "<group>"; };
		8E3357E31C5090F400F2B879 /* Team.swift */ = {isa = PBXFileReference; fileEncoding = 4; lastKnownFileType = sourcecode.swift; path = Team.swift; sourceTree = "<group>"; };
		8E7AF0B51C40BE79007B8133 /* MorScout.app */ = {isa = PBXFileReference; explicitFileType = wrapper.application; includeInIndex = 0; path = MorScout.app; sourceTree = BUILT_PRODUCTS_DIR; };
		8E9335F61C86BF590045140E /* DataPoint.swift */ = {isa = PBXFileReference; fileEncoding = 4; lastKnownFileType = sourcecode.swift; path = DataPoint.swift; sourceTree = "<group>"; };
		8E9335F81C86BF730045140E /* Label.swift */ = {isa = PBXFileReference; fileEncoding = 4; lastKnownFileType = sourcecode.swift; path = Label.swift; sourceTree = "<group>"; };
		8E9335FA1C86BFD80045140E /* TextBox.swift */ = {isa = PBXFileReference; fileEncoding = 4; lastKnownFileType = sourcecode.swift; path = TextBox.swift; sourceTree = "<group>"; };
		8E9335FC1C86C0830045140E /* Dropdown.swift */ = {isa = PBXFileReference; fileEncoding = 4; lastKnownFileType = sourcecode.swift; path = Dropdown.swift; sourceTree = "<group>"; };
		8E9335FE1C86C18A0045140E /* NumberBox.swift */ = {isa = PBXFileReference; fileEncoding = 4; lastKnownFileType = sourcecode.swift; path = NumberBox.swift; sourceTree = "<group>"; };
		8E9336001C86C2380045140E /* Checkbox.swift */ = {isa = PBXFileReference; fileEncoding = 4; lastKnownFileType = sourcecode.swift; path = Checkbox.swift; sourceTree = "<group>"; };
		8E9336021C87E4370045140E /* ViewPoint.swift */ = {isa = PBXFileReference; fileEncoding = 4; lastKnownFileType = sourcecode.swift; path = ViewPoint.swift; sourceTree = "<group>"; };
		8E9336041C896CE50045140E /* TeamVC.swift */ = {isa = PBXFileReference; fileEncoding = 4; lastKnownFileType = sourcecode.swift; path = TeamVC.swift; sourceTree = "<group>"; };
		8E9336061C8AAB170045140E /* TitleViewPoint.swift */ = {isa = PBXFileReference; fileEncoding = 4; lastKnownFileType = sourcecode.swift; path = TitleViewPoint.swift; sourceTree = "<group>"; };
		8E9336081C8AAB250045140E /* DataViewPoint.swift */ = {isa = PBXFileReference; fileEncoding = 4; lastKnownFileType = sourcecode.swift; path = DataViewPoint.swift; sourceTree = "<group>"; };
		8E93360A1C8BC6350045140E /* MatchDataStorage.swift */ = {isa = PBXFileReference; fileEncoding = 4; lastKnownFileType = sourcecode.swift; path = MatchDataStorage.swift; sourceTree = "<group>"; };
		8E93360C1C8BC8DD0045140E /* Report.swift */ = {isa = PBXFileReference; fileEncoding = 4; lastKnownFileType = sourcecode.swift; path = Report.swift; sourceTree = "<group>"; };
		8EBC63081C712C00000DBE6A /* TeamCell.swift */ = {isa = PBXFileReference; fileEncoding = 4; lastKnownFileType = sourcecode.swift; path = TeamCell.swift; sourceTree = "<group>"; };
		8EBC630A1C77F88F000DBE6A /* MatchVC.swift */ = {isa = PBXFileReference; fileEncoding = 4; lastKnownFileType = sourcecode.swift; path = MatchVC.swift; sourceTree = "<group>"; };
		8EC4CFC41C68639E00D3AB22 /* Regional.swift */ = {isa = PBXFileReference; fileEncoding = 4; lastKnownFileType = sourcecode.swift; path = Regional.swift; sourceTree = "<group>"; };
		8EE543811C8548FD009048F1 /* DropdownTextField.swift */ = {isa = PBXFileReference; fileEncoding = 4; lastKnownFileType = sourcecode.swift; path = DropdownTextField.swift; sourceTree = "<group>"; };
		8EE543831C854D08009048F1 /* DropdownPicker.swift */ = {isa = PBXFileReference; fileEncoding = 4; lastKnownFileType = sourcecode.swift; path = DropdownPicker.swift; sourceTree = "<group>"; };
		8EE543851C85606F009048F1 /* DoneButton.swift */ = {isa = PBXFileReference; fileEncoding = 4; lastKnownFileType = sourcecode.swift; path = DoneButton.swift; sourceTree = "<group>"; };
		8EE543871C857135009048F1 /* NumberStepper.swift */ = {isa = PBXFileReference; fileEncoding = 4; lastKnownFileType = sourcecode.swift; path = NumberStepper.swift; sourceTree = "<group>"; };
		8EE543891C86A62D009048F1 /* Reachability.swift */ = {isa = PBXFileReference; fileEncoding = 4; lastKnownFileType = sourcecode.swift; path = Reachability.swift; sourceTree = "<group>"; };
		8EFFA5A21C8E6BD20020A1AE /* ProfileVC.swift */ = {isa = PBXFileReference; fileEncoding = 4; lastKnownFileType = sourcecode.swift; path = ProfileVC.swift; sourceTree = "<group>"; };
		C03FB826B61A64CD9A2CB39D /* Pods-MorScout.release.xcconfig */ = {isa = PBXFileReference; includeInIndex = 1; lastKnownFileType = text.xcconfig; name = "Pods-MorScout.release.xcconfig"; path = "Pods/Target Support Files/Pods-MorScout/Pods-MorScout.release.xcconfig"; sourceTree = "<group>"; };
		D8F78BEDC7085EAF09F5ABC1 /* Pods-MorScout.debug.xcconfig */ = {isa = PBXFileReference; includeInIndex = 1; lastKnownFileType = text.xcconfig; name = "Pods-MorScout.debug.xcconfig"; path = "Pods/Target Support Files/Pods-MorScout/Pods-MorScout.debug.xcconfig"; sourceTree = "<group>"; };
		E39867EE2A9D3471E21EFCD2 /* Pods_MorScout.framework */ = {isa = PBXFileReference; explicitFileType = wrapper.framework; includeInIndex = 0; path = Pods_MorScout.framework; sourceTree = BUILT_PRODUCTS_DIR; };
/* End PBXFileReference section */

/* Begin PBXFrameworksBuildPhase section */
		8E7AF0B21C40BE79007B8133 /* Frameworks */ = {
			isa = PBXFrameworksBuildPhase;
			buildActionMask = 2147483647;
			files = (
				36890409C0CA99E8B2BEFF02 /* Pods_MorScout.framework in Frameworks */,
			);
			runOnlyForDeploymentPostprocessing = 0;
		};
/* End PBXFrameworksBuildPhase section */

/* Begin PBXGroup section */
		8E3357A11C4C8C9400F2B879 /* MorScout */ = {
			isa = PBXGroup;
			children = (
				8E3357A41C4C8C9400F2B879 /* LaunchScreen.storyboard */,
				8E3357A61C4C8C9400F2B879 /* Main.storyboard */,
				8E3357A21C4C8C9400F2B879 /* AppDelegate.swift */,
				8E3357BA1C4C8C9400F2B879 /* View Controllers */,
				8E3357DA1C4C977000F2B879 /* Models */,
				8E3357B31C4C8C9400F2B879 /* Supporting Files */,
				8E3357A81C4C8C9400F2B879 /* Resources */,
				8E3357A31C4C8C9400F2B879 /* Assets.xcassets */,
			);
			path = MorScout;
			sourceTree = "<group>";
		};
		8E3357A81C4C8C9400F2B879 /* Resources */ = {
			isa = PBXGroup;
			children = (
				8E3357A91C4C8C9400F2B879 /* Exo2-ExtraLight.ttf */,
				8E3357AA1C4C8C9400F2B879 /* Exo2-Light.ttf */,
				8E3357AB1C4C8C9400F2B879 /* Exo2-Regular.ttf */,
				8E3357AC1C4C8C9400F2B879 /* Exo2-SemiBold.ttf */,
				8E3357AD1C4C8C9400F2B879 /* Exo2-Thin.ttf */,
				8E3357AE1C4C8C9400F2B879 /* Info.plist */,
				8E3357AF1C4C8C9400F2B879 /* TitilliumWeb-ExtraLight.ttf */,
				8E3357B01C4C8C9400F2B879 /* TitilliumWeb-Light.ttf */,
				8E3357B11C4C8C9400F2B879 /* TitilliumWeb-Regular.ttf */,
				8E3357B21C4C8C9400F2B879 /* TitilliumWeb-SemiBold.ttf */,
			);
			path = Resources;
			sourceTree = "<group>";
		};
		8E3357B31C4C8C9400F2B879 /* Supporting Files */ = {
			isa = PBXGroup;
			children = (
				8E3357B51C4C8C9400F2B879 /* SWRevealViewController */,
				8E3357B41C4C8C9400F2B879 /* SwiftyJSON.swift */,
				8E3357B91C4C8C9400F2B879 /* Util.swift */,
				8EE543891C86A62D009048F1 /* Reachability.swift */,
			);
			path = "Supporting Files";
			sourceTree = "<group>";
		};
		8E3357B51C4C8C9400F2B879 /* SWRevealViewController */ = {
			isa = PBXGroup;
			children = (
				8E3357B61C4C8C9400F2B879 /* MorScout-Bridging-Header.h */,
				8E3357B71C4C8C9400F2B879 /* SWRevealViewController.h */,
				8E3357B81C4C8C9400F2B879 /* SWRevealViewController.m */,
			);
			path = SWRevealViewController;
			sourceTree = "<group>";
		};
		8E3357BA1C4C8C9400F2B879 /* View Controllers */ = {
			isa = PBXGroup;
			children = (
				8E3357BB1C4C8C9400F2B879 /* HomeVC.swift */,
				8E3357BC1C4C8C9400F2B879 /* LoginVC.swift */,
				8E3357BD1C4C8C9400F2B879 /* MatchesVC.swift */,
				8E3357C01C4C8C9400F2B879 /* TeamsVC.swift */,
				8E3357BE1C4C8C9400F2B879 /* MenuVC.swift */,
				8E3357BF1C4C8C9400F2B879 /* SettingsVC.swift */,
				8EBC630A1C77F88F000DBE6A /* MatchVC.swift */,
				8E9336041C896CE50045140E /* TeamVC.swift */,
				8EFFA5A21C8E6BD20020A1AE /* ProfileVC.swift */,
			);
			path = "View Controllers";
			sourceTree = "<group>";
		};
		8E3357DA1C4C977000F2B879 /* Models */ = {
			isa = PBXGroup;
			children = (
				8E3357DF1C50545500F2B879 /* MatchCell.swift */,
				8E3357E11C508F2A00F2B879 /* Match.swift */,
				8E3357E31C5090F400F2B879 /* Team.swift */,
				8EC4CFC41C68639E00D3AB22 /* Regional.swift */,
				8EBC63081C712C00000DBE6A /* TeamCell.swift */,
				8EE543811C8548FD009048F1 /* DropdownTextField.swift */,
				8EE543831C854D08009048F1 /* DropdownPicker.swift */,
				8EE543851C85606F009048F1 /* DoneButton.swift */,
				8EE543871C857135009048F1 /* NumberStepper.swift */,
				8E9335F61C86BF590045140E /* DataPoint.swift */,
				8E9335F81C86BF730045140E /* Label.swift */,
				8E9335FA1C86BFD80045140E /* TextBox.swift */,
				8E9335FC1C86C0830045140E /* Dropdown.swift */,
				8E9335FE1C86C18A0045140E /* NumberBox.swift */,
				8E9336001C86C2380045140E /* Checkbox.swift */,
				8E9336021C87E4370045140E /* ViewPoint.swift */,
				8E9336061C8AAB170045140E /* TitleViewPoint.swift */,
				8E9336081C8AAB250045140E /* DataViewPoint.swift */,
				8E93360A1C8BC6350045140E /* MatchDataStorage.swift */,
				8E93360C1C8BC8DD0045140E /* Report.swift */,
			);
			path = Models;
			sourceTree = "<group>";
		};
		8E7AF0AC1C40BE79007B8133 = {
			isa = PBXGroup;
			children = (
				8E3357A11C4C8C9400F2B879 /* MorScout */,
				BD81F900F382C0EF9A3B4DA5 /* Pods */,
				FCFECB81817F678E6EDE2802 /* Frameworks */,
				8E7AF0B61C40BE79007B8133 /* Products */,
			);
			sourceTree = "<group>";
		};
		8E7AF0B61C40BE79007B8133 /* Products */ = {
			isa = PBXGroup;
			children = (
				8E7AF0B51C40BE79007B8133 /* MorScout.app */,
			);
			name = Products;
			sourceTree = "<group>";
		};
		BD81F900F382C0EF9A3B4DA5 /* Pods */ = {
			isa = PBXGroup;
			children = (
				D8F78BEDC7085EAF09F5ABC1 /* Pods-MorScout.debug.xcconfig */,
				C03FB826B61A64CD9A2CB39D /* Pods-MorScout.release.xcconfig */,
			);
			name = Pods;
			sourceTree = "<group>";
		};
		FCFECB81817F678E6EDE2802 /* Frameworks */ = {
			isa = PBXGroup;
			children = (
				E39867EE2A9D3471E21EFCD2 /* Pods_MorScout.framework */,
			);
			name = Frameworks;
			sourceTree = "<group>";
		};
/* End PBXGroup section */

/* Begin PBXNativeTarget section */
		8E7AF0B41C40BE79007B8133 /* MorScout */ = {
			isa = PBXNativeTarget;
			buildConfigurationList = 8E7AF0C91C40BE79007B8133 /* Build configuration list for PBXNativeTarget "MorScout" */;
			buildPhases = (
				757FF3C22430DA869D0F2DB9 /* Check Pods Manifest.lock */,
				8E7AF0B11C40BE79007B8133 /* Sources */,
				8E7AF0B21C40BE79007B8133 /* Frameworks */,
				8E7AF0B31C40BE79007B8133 /* Resources */,
				62A767E3DD8608B60653579A /* Embed Pods Frameworks */,
				CA75423786D4F4572434D3C1 /* Copy Pods Resources */,
			);
			buildRules = (
			);
			dependencies = (
			);
			name = MorScout;
			productName = MorScout;
			productReference = 8E7AF0B51C40BE79007B8133 /* MorScout.app */;
			productType = "com.apple.product-type.application";
		};
/* End PBXNativeTarget section */

/* Begin PBXProject section */
		8E7AF0AD1C40BE79007B8133 /* Project object */ = {
			isa = PBXProject;
			attributes = {
				LastSwiftUpdateCheck = 0720;
				LastUpgradeCheck = 0720;
				ORGANIZATIONNAME = MorTorq;
				TargetAttributes = {
					8E7AF0B41C40BE79007B8133 = {
						CreatedOnToolsVersion = 7.2;
						DevelopmentTeam = GK8ZBK5FD2;
					};
				};
			};
			buildConfigurationList = 8E7AF0B01C40BE79007B8133 /* Build configuration list for PBXProject "MorScout" */;
			compatibilityVersion = "Xcode 3.2";
			developmentRegion = English;
			hasScannedForEncodings = 0;
			knownRegions = (
				en,
				Base,
			);
			mainGroup = 8E7AF0AC1C40BE79007B8133;
			productRefGroup = 8E7AF0B61C40BE79007B8133 /* Products */;
			projectDirPath = "";
			projectRoot = "";
			targets = (
				8E7AF0B41C40BE79007B8133 /* MorScout */,
			);
		};
/* End PBXProject section */

/* Begin PBXResourcesBuildPhase section */
		8E7AF0B31C40BE79007B8133 /* Resources */ = {
			isa = PBXResourcesBuildPhase;
			buildActionMask = 2147483647;
			files = (
				8E3357C41C4C8C9400F2B879 /* Main.storyboard in Resources */,
				8E3357CB1C4C8C9400F2B879 /* TitilliumWeb-ExtraLight.ttf in Resources */,
				8E3357C21C4C8C9400F2B879 /* Assets.xcassets in Resources */,
				8E3357CA1C4C8C9400F2B879 /* Info.plist in Resources */,
				8E3357C51C4C8C9400F2B879 /* Exo2-ExtraLight.ttf in Resources */,
				8E3357C61C4C8C9400F2B879 /* Exo2-Light.ttf in Resources */,
				8E3357CD1C4C8C9400F2B879 /* TitilliumWeb-Regular.ttf in Resources */,
				8E3357C31C4C8C9400F2B879 /* LaunchScreen.storyboard in Resources */,
				8E3357C71C4C8C9400F2B879 /* Exo2-Regular.ttf in Resources */,
				8E3357CC1C4C8C9400F2B879 /* TitilliumWeb-Light.ttf in Resources */,
				8E3357C81C4C8C9400F2B879 /* Exo2-SemiBold.ttf in Resources */,
				8E3357CE1C4C8C9400F2B879 /* TitilliumWeb-SemiBold.ttf in Resources */,
				8E3357C91C4C8C9400F2B879 /* Exo2-Thin.ttf in Resources */,
			);
			runOnlyForDeploymentPostprocessing = 0;
		};
/* End PBXResourcesBuildPhase section */

/* Begin PBXShellScriptBuildPhase section */
		62A767E3DD8608B60653579A /* Embed Pods Frameworks */ = {
			isa = PBXShellScriptBuildPhase;
			buildActionMask = 2147483647;
			files = (
			);
			inputPaths = (
			);
			name = "Embed Pods Frameworks";
			outputPaths = (
			);
			runOnlyForDeploymentPostprocessing = 0;
			shellPath = /bin/sh;
			shellScript = "\"${SRCROOT}/Pods/Target Support Files/Pods-MorScout/Pods-MorScout-frameworks.sh\"\n";
			showEnvVarsInLog = 0;
		};
		757FF3C22430DA869D0F2DB9 /* Check Pods Manifest.lock */ = {
			isa = PBXShellScriptBuildPhase;
			buildActionMask = 2147483647;
			files = (
			);
			inputPaths = (
			);
			name = "Check Pods Manifest.lock";
			outputPaths = (
			);
			runOnlyForDeploymentPostprocessing = 0;
			shellPath = /bin/sh;
			shellScript = "diff \"${PODS_ROOT}/../Podfile.lock\" \"${PODS_ROOT}/Manifest.lock\" > /dev/null\nif [[ $? != 0 ]] ; then\n    cat << EOM\nerror: The sandbox is not in sync with the Podfile.lock. Run 'pod install' or update your CocoaPods installation.\nEOM\n    exit 1\nfi\n";
			showEnvVarsInLog = 0;
		};
		CA75423786D4F4572434D3C1 /* Copy Pods Resources */ = {
			isa = PBXShellScriptBuildPhase;
			buildActionMask = 2147483647;
			files = (
			);
			inputPaths = (
			);
			name = "Copy Pods Resources";
			outputPaths = (
			);
			runOnlyForDeploymentPostprocessing = 0;
			shellPath = /bin/sh;
			shellScript = "\"${SRCROOT}/Pods/Target Support Files/Pods-MorScout/Pods-MorScout-resources.sh\"\n";
			showEnvVarsInLog = 0;
		};
/* End PBXShellScriptBuildPhase section */

/* Begin PBXSourcesBuildPhase section */
		8E7AF0B11C40BE79007B8133 /* Sources */ = {
			isa = PBXSourcesBuildPhase;
			buildActionMask = 2147483647;
			files = (
				8E3357C11C4C8C9400F2B879 /* AppDelegate.swift in Sources */,
				8E3357D21C4C8C9400F2B879 /* HomeVC.swift in Sources */,
				8EBC63091C712C00000DBE6A /* TeamCell.swift in Sources */,
				8E9336091C8AAB250045140E /* DataViewPoint.swift in Sources */,
				8EE543861C85606F009048F1 /* DoneButton.swift in Sources */,
				8E3357E41C5090F400F2B879 /* Team.swift in Sources */,
				8EE543841C854D08009048F1 /* DropdownPicker.swift in Sources */,
				8E3357D31C4C8C9400F2B879 /* LoginVC.swift in Sources */,
				8E3357CF1C4C8C9400F2B879 /* SwiftyJSON.swift in Sources */,
				8E3357D41C4C8C9400F2B879 /* MatchesVC.swift in Sources */,
				8E3357D51C4C8C9400F2B879 /* MenuVC.swift in Sources */,
				8E93360D1C8BC8DD0045140E /* Report.swift in Sources */,
				8E9335FF1C86C18A0045140E /* NumberBox.swift in Sources */,
				8E9336011C86C2380045140E /* Checkbox.swift in Sources */,
				8E93360B1C8BC6350045140E /* MatchDataStorage.swift in Sources */,
				8EE543881C857135009048F1 /* NumberStepper.swift in Sources */,
				8E9336051C896CE50045140E /* TeamVC.swift in Sources */,
				8E9336071C8AAB170045140E /* TitleViewPoint.swift in Sources */,
				8E9335F91C86BF730045140E /* Label.swift in Sources */,
				8E3357D01C4C8C9400F2B879 /* SWRevealViewController.m in Sources */,
				8EC4CFC51C68639E00D3AB22 /* Regional.swift in Sources */,
				8E3357D11C4C8C9400F2B879 /* Util.swift in Sources */,
				8EE5438A1C86A62D009048F1 /* Reachability.swift in Sources */,
				8EE543821C8548FD009048F1 /* DropdownTextField.swift in Sources */,
				8E9335F71C86BF590045140E /* DataPoint.swift in Sources */,
				8E3357E01C50545500F2B879 /* MatchCell.swift in Sources */,
				8E3357D61C4C8C9400F2B879 /* SettingsVC.swift in Sources */,
				8E3357D71C4C8C9400F2B879 /* TeamsVC.swift in Sources */,
				8E9336031C87E4370045140E /* ViewPoint.swift in Sources */,
				8EBC630B1C77F88F000DBE6A /* MatchVC.swift in Sources */,
				8EFFA5A31C8E6BD20020A1AE /* ProfileVC.swift in Sources */,
				8E9335FB1C86BFD80045140E /* TextBox.swift in Sources */,
				8E9335FD1C86C0830045140E /* Dropdown.swift in Sources */,
				8E3357E21C508F2A00F2B879 /* Match.swift in Sources */,
			);
			runOnlyForDeploymentPostprocessing = 0;
		};
/* End PBXSourcesBuildPhase section */

/* Begin PBXVariantGroup section */
		8E3357A41C4C8C9400F2B879 /* LaunchScreen.storyboard */ = {
			isa = PBXVariantGroup;
			children = (
				8E3357A51C4C8C9400F2B879 /* Base */,
			);
			name = LaunchScreen.storyboard;
			sourceTree = "<group>";
		};
		8E3357A61C4C8C9400F2B879 /* Main.storyboard */ = {
			isa = PBXVariantGroup;
			children = (
				8E3357A71C4C8C9400F2B879 /* Base */,
			);
			name = Main.storyboard;
			sourceTree = "<group>";
		};
/* End PBXVariantGroup section */

/* Begin XCBuildConfiguration section */
		8E7AF0C71C40BE79007B8133 /* Debug */ = {
			isa = XCBuildConfiguration;
			buildSettings = {
				ALWAYS_SEARCH_USER_PATHS = NO;
				CLANG_CXX_LANGUAGE_STANDARD = "gnu++0x";
				CLANG_CXX_LIBRARY = "libc++";
				CLANG_ENABLE_MODULES = YES;
				CLANG_ENABLE_OBJC_ARC = YES;
				CLANG_WARN_BOOL_CONVERSION = YES;
				CLANG_WARN_CONSTANT_CONVERSION = YES;
				CLANG_WARN_DIRECT_OBJC_ISA_USAGE = YES_ERROR;
				CLANG_WARN_EMPTY_BODY = YES;
				CLANG_WARN_ENUM_CONVERSION = YES;
				CLANG_WARN_INT_CONVERSION = YES;
				CLANG_WARN_OBJC_ROOT_CLASS = YES_ERROR;
				CLANG_WARN_UNREACHABLE_CODE = YES;
				CLANG_WARN__DUPLICATE_METHOD_MATCH = YES;
				"CODE_SIGN_IDENTITY[sdk=iphoneos*]" = "iPhone Developer";
				COPY_PHASE_STRIP = NO;
				DEBUG_INFORMATION_FORMAT = dwarf;
				ENABLE_STRICT_OBJC_MSGSEND = YES;
				ENABLE_TESTABILITY = YES;
				GCC_C_LANGUAGE_STANDARD = gnu99;
				GCC_DYNAMIC_NO_PIC = NO;
				GCC_NO_COMMON_BLOCKS = YES;
				GCC_OPTIMIZATION_LEVEL = 0;
				GCC_PREPROCESSOR_DEFINITIONS = (
					"DEBUG=1",
					"$(inherited)",
				);
				GCC_WARN_64_TO_32_BIT_CONVERSION = YES;
				GCC_WARN_ABOUT_RETURN_TYPE = YES_ERROR;
				GCC_WARN_UNDECLARED_SELECTOR = YES;
				GCC_WARN_UNINITIALIZED_AUTOS = YES_AGGRESSIVE;
				GCC_WARN_UNUSED_FUNCTION = YES;
				GCC_WARN_UNUSED_VARIABLE = YES;
				IPHONEOS_DEPLOYMENT_TARGET = 9.2;
				MTL_ENABLE_DEBUG_INFO = YES;
				ONLY_ACTIVE_ARCH = YES;
				SDKROOT = iphoneos;
				SWIFT_OPTIMIZATION_LEVEL = "-Onone";
				TARGETED_DEVICE_FAMILY = "1,2";
			};
			name = Debug;
		};
		8E7AF0C81C40BE79007B8133 /* Release */ = {
			isa = XCBuildConfiguration;
			buildSettings = {
				ALWAYS_SEARCH_USER_PATHS = NO;
				CLANG_CXX_LANGUAGE_STANDARD = "gnu++0x";
				CLANG_CXX_LIBRARY = "libc++";
				CLANG_ENABLE_MODULES = YES;
				CLANG_ENABLE_OBJC_ARC = YES;
				CLANG_WARN_BOOL_CONVERSION = YES;
				CLANG_WARN_CONSTANT_CONVERSION = YES;
				CLANG_WARN_DIRECT_OBJC_ISA_USAGE = YES_ERROR;
				CLANG_WARN_EMPTY_BODY = YES;
				CLANG_WARN_ENUM_CONVERSION = YES;
				CLANG_WARN_INT_CONVERSION = YES;
				CLANG_WARN_OBJC_ROOT_CLASS = YES_ERROR;
				CLANG_WARN_UNREACHABLE_CODE = YES;
				CLANG_WARN__DUPLICATE_METHOD_MATCH = YES;
				"CODE_SIGN_IDENTITY[sdk=iphoneos*]" = "iPhone Developer";
				COPY_PHASE_STRIP = NO;
				DEBUG_INFORMATION_FORMAT = "dwarf-with-dsym";
				ENABLE_NS_ASSERTIONS = NO;
				ENABLE_STRICT_OBJC_MSGSEND = YES;
				GCC_C_LANGUAGE_STANDARD = gnu99;
				GCC_NO_COMMON_BLOCKS = YES;
				GCC_WARN_64_TO_32_BIT_CONVERSION = YES;
				GCC_WARN_ABOUT_RETURN_TYPE = YES_ERROR;
				GCC_WARN_UNDECLARED_SELECTOR = YES;
				GCC_WARN_UNINITIALIZED_AUTOS = YES_AGGRESSIVE;
				GCC_WARN_UNUSED_FUNCTION = YES;
				GCC_WARN_UNUSED_VARIABLE = YES;
				IPHONEOS_DEPLOYMENT_TARGET = 9.2;
				MTL_ENABLE_DEBUG_INFO = NO;
				SDKROOT = iphoneos;
				TARGETED_DEVICE_FAMILY = "1,2";
				VALIDATE_PRODUCT = YES;
			};
			name = Release;
		};
		8E7AF0CA1C40BE79007B8133 /* Debug */ = {
			isa = XCBuildConfiguration;
			baseConfigurationReference = D8F78BEDC7085EAF09F5ABC1 /* Pods-MorScout.debug.xcconfig */;
			buildSettings = {
				ASSETCATALOG_COMPILER_APPICON_NAME = AppIcon;
				CLANG_ENABLE_MODULES = YES;
				CODE_SIGN_IDENTITY = "iPhone Developer";
				"CODE_SIGN_IDENTITY[sdk=iphoneos*]" = "iPhone Developer";
				INFOPLIST_FILE = MorScout/Resources/Info.plist;
				IPHONEOS_DEPLOYMENT_TARGET = 8.4;
				LD_RUNPATH_SEARCH_PATHS = "$(inherited) @executable_path/Frameworks";
				PRODUCT_BUNDLE_IDENTIFIER = com.mortorq1515.morscout;
				PRODUCT_NAME = "$(TARGET_NAME)";
				PROVISIONING_PROFILE = "";
				SWIFT_OBJC_BRIDGING_HEADER = "MorScout/Supporting Files/SWRevealViewController/MorScout-Bridging-Header.h";
				SWIFT_OPTIMIZATION_LEVEL = "-Onone";
			};
			name = Debug;
		};
		8E7AF0CB1C40BE79007B8133 /* Release */ = {
			isa = XCBuildConfiguration;
			baseConfigurationReference = C03FB826B61A64CD9A2CB39D /* Pods-MorScout.release.xcconfig */;
			buildSettings = {
				ASSETCATALOG_COMPILER_APPICON_NAME = AppIcon;
				CLANG_ENABLE_MODULES = YES;
				CODE_SIGN_IDENTITY = "iPhone Developer";
				"CODE_SIGN_IDENTITY[sdk=iphoneos*]" = "iPhone Developer";
				INFOPLIST_FILE = MorScout/Resources/Info.plist;
				IPHONEOS_DEPLOYMENT_TARGET = 8.4;
				LD_RUNPATH_SEARCH_PATHS = "$(inherited) @executable_path/Frameworks";
				PRODUCT_BUNDLE_IDENTIFIER = com.mortorq1515.morscout;
				PRODUCT_NAME = "$(TARGET_NAME)";
				PROVISIONING_PROFILE = "";
				SWIFT_OBJC_BRIDGING_HEADER = "MorScout/Supporting Files/SWRevealViewController/MorScout-Bridging-Header.h";
			};
			name = Release;
		};
/* End XCBuildConfiguration section */

/* Begin XCConfigurationList section */
		8E7AF0B01C40BE79007B8133 /* Build configuration list for PBXProject "MorScout" */ = {
			isa = XCConfigurationList;
			buildConfigurations = (
				8E7AF0C71C40BE79007B8133 /* Debug */,
				8E7AF0C81C40BE79007B8133 /* Release */,
			);
			defaultConfigurationIsVisible = 0;
			defaultConfigurationName = Release;
		};
		8E7AF0C91C40BE79007B8133 /* Build configuration list for PBXNativeTarget "MorScout" */ = {
			isa = XCConfigurationList;
			buildConfigurations = (
				8E7AF0CA1C40BE79007B8133 /* Debug */,
				8E7AF0CB1C40BE79007B8133 /* Release */,
			);
			defaultConfigurationIsVisible = 0;
			defaultConfigurationName = Release;
		};
/* End XCConfigurationList section */
	};
	rootObject = 8E7AF0AD1C40BE79007B8133 /* Project object */;
}
